
Microsoft Visual Studio Solution File, Format Version 12.00
# Visual Studio Version 17
VisualStudioVersion = 17.10.34916.146
MinimumVisualStudioVersion = 10.0.40219.1
Project("{FAE04EC0-301F-11D3-BF4B-00C04F79EFBC}") = "Common.Infrastructure", "Common.Infrastructure.csproj", "{DD7A6119-56FC-415C-A801-5DB0CE5C2AB1}"
EndProject
Global
	GlobalSection(SolutionConfigurationPlatforms) = preSolution
		Debug|Any CPU = Debug|Any CPU
		Release|Any CPU = Release|Any CPU
	EndGlobalSection
	GlobalSection(ProjectConfigurationPlatforms) = postSolution
		{DD7A6119-56FC-415C-A801-5DB0CE5C2AB1}.Debug|Any CPU.ActiveCfg = Debug|Any CPU
		{DD7A6119-56FC-415C-A801-5DB0CE5C2AB1}.Debug|Any CPU.Build.0 = Debug|Any CPU
		{DD7A6119-56FC-415C-A801-5DB0CE5C2AB1}.Release|Any CPU.ActiveCfg = Release|Any CPU
		{DD7A6119-56FC-415C-A801-5DB0CE5C2AB1}.Release|Any CPU.Build.0 = Release|Any CPU
	EndGlobalSection
	GlobalSection(SolutionProperties) = preSolution
		HideSolutionNode = FALSE
	EndGlobalSection
	GlobalSection(ExtensibilityGlobals) = postSolution
		SolutionGuid = {55D52AEC-4FF6-45D4-92B4-DFCCF1C70D05}
	EndGlobalSection
EndGlobal
